
Microsoft Visual Studio Solution File, Format Version 12.00
# Visual Studio 15
VisualStudioVersion = 15.0.28307.136
MinimumVisualStudioVersion = 10.0.40219.1
Project("{FAE04EC0-301F-11D3-BF4B-00C04F79EFBC}") = "APIDemoWithGit", "APIDemoWithGit\APIDemoWithGit.csproj", "{53FB4BA7-D3FF-4747-AF3B-2D2D03A5B8E1}"
EndProject
Global
	GlobalSection(SolutionConfigurationPlatforms) = preSolution
		Debug|Any CPU = Debug|Any CPU
		Release|Any CPU = Release|Any CPU
	EndGlobalSection
	GlobalSection(ProjectConfigurationPlatforms) = postSolution
		{53FB4BA7-D3FF-4747-AF3B-2D2D03A5B8E1}.Debug|Any CPU.ActiveCfg = Debug|Any CPU
		{53FB4BA7-D3FF-4747-AF3B-2D2D03A5B8E1}.Debug|Any CPU.Build.0 = Debug|Any CPU
		{53FB4BA7-D3FF-4747-AF3B-2D2D03A5B8E1}.Release|Any CPU.ActiveCfg = Release|Any CPU
		{53FB4BA7-D3FF-4747-AF3B-2D2D03A5B8E1}.Release|Any CPU.Build.0 = Release|Any CPU
	EndGlobalSection
	GlobalSection(SolutionProperties) = preSolution
		HideSolutionNode = FALSE
	EndGlobalSection
	GlobalSection(ExtensibilityGlobals) = postSolution
		SolutionGuid = {8A93D060-BD0F-4CA0-AAE0-7B6D6EFE3A02}
	EndGlobalSection
EndGlobal
